
Microsoft Visual Studio Solution File, Format Version 12.00
# Visual Studio 15
VisualStudioVersion = 15.0.27130.2027
MinimumVisualStudioVersion = 10.0.40219.1
Project("{FAE04EC0-301F-11D3-BF4B-00C04F79EFBC}") = "FizzBuzz", "FizzBuzz\FizzBuzz.csproj", "{FE0CA3CE-18BE-4B68-AD93-F9219B213CEE}"
EndProject
Global
	GlobalSection(SolutionConfigurationPlatforms) = preSolution
		Debug|Any CPU = Debug|Any CPU
		Release|Any CPU = Release|Any CPU
	EndGlobalSection
	GlobalSection(ProjectConfigurationPlatforms) = postSolution
		{FE0CA3CE-18BE-4B68-AD93-F9219B213CEE}.Debug|Any CPU.ActiveCfg = Debug|Any CPU
		{FE0CA3CE-18BE-4B68-AD93-F9219B213CEE}.Debug|Any CPU.Build.0 = Debug|Any CPU
		{FE0CA3CE-18BE-4B68-AD93-F9219B213CEE}.Release|Any CPU.ActiveCfg = Release|Any CPU
		{FE0CA3CE-18BE-4B68-AD93-F9219B213CEE}.Release|Any CPU.Build.0 = Release|Any CPU
	EndGlobalSection
	GlobalSection(SolutionProperties) = preSolution
		HideSolutionNode = FALSE
	EndGlobalSection
	GlobalSection(ExtensibilityGlobals) = postSolution
		SolutionGuid = {A96215D7-FCB7-4174-88D0-ECFCCC9A7825}
	EndGlobalSection
EndGlobal
